
Microsoft Visual Studio Solution File, Format Version 12.00
# Visual Studio Version 17
VisualStudioVersion = 17.4.33213.308
MinimumVisualStudioVersion = 10.0.40219.1
Project("{FAE04EC0-301F-11D3-BF4B-00C04F79EFBC}") = "parsingbigtxt", "parsingbigtxt\parsingbigtxt.csproj", "{2DBDF15F-2576-47E9-AD39-9EB669672E23}"
EndProject
Global
	GlobalSection(SolutionConfigurationPlatforms) = preSolution
		Debug|Any CPU = Debug|Any CPU
		Release|Any CPU = Release|Any CPU
	EndGlobalSection
	GlobalSection(ProjectConfigurationPlatforms) = postSolution
		{2DBDF15F-2576-47E9-AD39-9EB669672E23}.Debug|Any CPU.ActiveCfg = Debug|Any CPU
		{2DBDF15F-2576-47E9-AD39-9EB669672E23}.Debug|Any CPU.Build.0 = Debug|Any CPU
		{2DBDF15F-2576-47E9-AD39-9EB669672E23}.Release|Any CPU.ActiveCfg = Release|Any CPU
		{2DBDF15F-2576-47E9-AD39-9EB669672E23}.Release|Any CPU.Build.0 = Release|Any CPU
	EndGlobalSection
	GlobalSection(SolutionProperties) = preSolution
		HideSolutionNode = FALSE
	EndGlobalSection
	GlobalSection(ExtensibilityGlobals) = postSolution
		SolutionGuid = {F07ECF92-1F2B-4491-AB2F-51B7B362FC52}
	EndGlobalSection
EndGlobal
